
Microsoft Visual Studio Solution File, Format Version 12.00
# Visual Studio Version 16
VisualStudioVersion = 16.0.30907.101
MinimumVisualStudioVersion = 10.0.40219.1
Project("{9A19103F-16F7-4668-BE54-9A1E7A4F7556}") = "EmployeeDetails", "EmployeeDetails\EmployeeDetails.csproj", "{75EE77B1-27EE-45EC-8FCA-132208CA8E8F}"
EndProject
Project("{FAE04EC0-301F-11D3-BF4B-00C04F79EFBC}") = "BusinessLayer", "BusinessLayer\BusinessLayer.csproj", "{59A2D5CA-BC8E-49AF-9316-87AAB672DCDE}"
EndProject
Project("{FAE04EC0-301F-11D3-BF4B-00C04F79EFBC}") = "CommonLayer", "CommonLayer\CommonLayer.csproj", "{B3B4E181-CFB0-44C0-A41C-040E7ECD9FE6}"
EndProject
Project("{FAE04EC0-301F-11D3-BF4B-00C04F79EFBC}") = "RepositoryLayer", "RepositoryLayer\RepositoryLayer.csproj", "{5762323F-1780-4E97-85DD-8A5B672866A2}"
EndProject
Global
	GlobalSection(SolutionConfigurationPlatforms) = preSolution
		Debug|Any CPU = Debug|Any CPU
		Release|Any CPU = Release|Any CPU
	EndGlobalSection
	GlobalSection(ProjectConfigurationPlatforms) = postSolution
		{75EE77B1-27EE-45EC-8FCA-132208CA8E8F}.Debug|Any CPU.ActiveCfg = Debug|Any CPU
		{75EE77B1-27EE-45EC-8FCA-132208CA8E8F}.Debug|Any CPU.Build.0 = Debug|Any CPU
		{75EE77B1-27EE-45EC-8FCA-132208CA8E8F}.Release|Any CPU.ActiveCfg = Release|Any CPU
		{75EE77B1-27EE-45EC-8FCA-132208CA8E8F}.Release|Any CPU.Build.0 = Release|Any CPU
		{59A2D5CA-BC8E-49AF-9316-87AAB672DCDE}.Debug|Any CPU.ActiveCfg = Debug|Any CPU
		{59A2D5CA-BC8E-49AF-9316-87AAB672DCDE}.Debug|Any CPU.Build.0 = Debug|Any CPU
		{59A2D5CA-BC8E-49AF-9316-87AAB672DCDE}.Release|Any CPU.ActiveCfg = Release|Any CPU
		{59A2D5CA-BC8E-49AF-9316-87AAB672DCDE}.Release|Any CPU.Build.0 = Release|Any CPU
		{B3B4E181-CFB0-44C0-A41C-040E7ECD9FE6}.Debug|Any CPU.ActiveCfg = Debug|Any CPU
		{B3B4E181-CFB0-44C0-A41C-040E7ECD9FE6}.Debug|Any CPU.Build.0 = Debug|Any CPU
		{B3B4E181-CFB0-44C0-A41C-040E7ECD9FE6}.Release|Any CPU.ActiveCfg = Release|Any CPU
		{B3B4E181-CFB0-44C0-A41C-040E7ECD9FE6}.Release|Any CPU.Build.0 = Release|Any CPU
		{5762323F-1780-4E97-85DD-8A5B672866A2}.Debug|Any CPU.ActiveCfg = Debug|Any CPU
		{5762323F-1780-4E97-85DD-8A5B672866A2}.Debug|Any CPU.Build.0 = Debug|Any CPU
		{5762323F-1780-4E97-85DD-8A5B672866A2}.Release|Any CPU.ActiveCfg = Release|Any CPU
		{5762323F-1780-4E97-85DD-8A5B672866A2}.Release|Any CPU.Build.0 = Release|Any CPU
	EndGlobalSection
	GlobalSection(SolutionProperties) = preSolution
		HideSolutionNode = FALSE
	EndGlobalSection
	GlobalSection(ExtensibilityGlobals) = postSolution
		SolutionGuid = {0E33AB00-8C11-4913-8574-BB8F5C4CDC6F}
	EndGlobalSection
EndGlobal
